
Microsoft Visual Studio Solution File, Format Version 12.00
# Visual Studio Version 17
VisualStudioVersion = 17.0.31903.59
MinimumVisualStudioVersion = 10.0.40219.1
Project("{FAE04EC0-301F-11D3-BF4B-00C04F79EFBC}") = "Slice", "Slice\Slice.csproj", "{C2632D1A-036D-48C7-B6B1-A42CC0ED77DF}"
EndProject
Global
	GlobalSection(SolutionConfigurationPlatforms) = preSolution
		Debug|Any CPU = Debug|Any CPU
		Release|Any CPU = Release|Any CPU
	EndGlobalSection
	GlobalSection(ProjectConfigurationPlatforms) = postSolution
		{C2632D1A-036D-48C7-B6B1-A42CC0ED77DF}.Debug|Any CPU.ActiveCfg = Debug|Any CPU
		{C2632D1A-036D-48C7-B6B1-A42CC0ED77DF}.Debug|Any CPU.Build.0 = Debug|Any CPU
		{C2632D1A-036D-48C7-B6B1-A42CC0ED77DF}.Release|Any CPU.ActiveCfg = Release|Any CPU
		{C2632D1A-036D-48C7-B6B1-A42CC0ED77DF}.Release|Any CPU.Build.0 = Release|Any CPU
	EndGlobalSection
	GlobalSection(SolutionProperties) = preSolution
		HideSolutionNode = FALSE
	EndGlobalSection
	GlobalSection(ExtensibilityGlobals) = postSolution
		SolutionGuid = {C38623EC-5801-426E-9D56-CAF987CB4CF5}
	EndGlobalSection
EndGlobal
